
Microsoft Visual Studio Solution File, Format Version 12.00
# Visual Studio Version 17
VisualStudioVersion = 17.7.34031.279
MinimumVisualStudioVersion = 10.0.40219.1
Project("{FAE04EC0-301F-11D3-BF4B-00C04F79EFBC}") = "DelegateProjectTask", "DelegateProjectTask\DelegateProjectTask.csproj", "{089500F1-69E3-4244-8CE7-0F13920094BB}"
EndProject
Project("{FAE04EC0-301F-11D3-BF4B-00C04F79EFBC}") = "TestProject1", "TestProject1\TestProject1.csproj", "{AEF24C87-E11C-4212-8376-93DCA40CA4C2}"
EndProject
Global
	GlobalSection(SolutionConfigurationPlatforms) = preSolution
		Debug|Any CPU = Debug|Any CPU
		Release|Any CPU = Release|Any CPU
	EndGlobalSection
	GlobalSection(ProjectConfigurationPlatforms) = postSolution
		{089500F1-69E3-4244-8CE7-0F13920094BB}.Debug|Any CPU.ActiveCfg = Debug|Any CPU
		{089500F1-69E3-4244-8CE7-0F13920094BB}.Debug|Any CPU.Build.0 = Debug|Any CPU
		{089500F1-69E3-4244-8CE7-0F13920094BB}.Release|Any CPU.ActiveCfg = Release|Any CPU
		{089500F1-69E3-4244-8CE7-0F13920094BB}.Release|Any CPU.Build.0 = Release|Any CPU
		{AEF24C87-E11C-4212-8376-93DCA40CA4C2}.Debug|Any CPU.ActiveCfg = Debug|Any CPU
		{AEF24C87-E11C-4212-8376-93DCA40CA4C2}.Debug|Any CPU.Build.0 = Debug|Any CPU
		{AEF24C87-E11C-4212-8376-93DCA40CA4C2}.Release|Any CPU.ActiveCfg = Release|Any CPU
		{AEF24C87-E11C-4212-8376-93DCA40CA4C2}.Release|Any CPU.Build.0 = Release|Any CPU
	EndGlobalSection
	GlobalSection(SolutionProperties) = preSolution
		HideSolutionNode = FALSE
	EndGlobalSection
	GlobalSection(ExtensibilityGlobals) = postSolution
		SolutionGuid = {7F7799D3-5C65-4A24-9AAE-502852CED760}
	EndGlobalSection
EndGlobal
